
Microsoft Visual Studio Solution File, Format Version 12.00
Project("{FAE04EC0-301F-11D3-BF4B-00C04F79EFBC}") = "NMonkey", "NMonkey\NMonkey.csproj", "{8527BD7B-DE6E-41A5-91E3-3075A90500E4}"
EndProject
Project("{FAE04EC0-301F-11D3-BF4B-00C04F79EFBC}") = "NMonkey.Core", "NMonkey.Core\NMonkey.Core.csproj", "{8735B32B-E4FA-4480-B21D-B4BFEA1B0B97}"
EndProject
Project("{FAE04EC0-301F-11D3-BF4B-00C04F79EFBC}") = "NMonkey.Tests", "NMonkey.Tests\NMonkey.Tests.csproj", "{B0FCCD3C-723D-4FCF-8F16-D684A7D24A3C}"
EndProject
Global
	GlobalSection(SolutionConfigurationPlatforms) = preSolution
		Debug|Any CPU = Debug|Any CPU
		Release|Any CPU = Release|Any CPU
	EndGlobalSection
	GlobalSection(ProjectConfigurationPlatforms) = postSolution
		{8527BD7B-DE6E-41A5-91E3-3075A90500E4}.Debug|Any CPU.ActiveCfg = Debug|Any CPU
		{8527BD7B-DE6E-41A5-91E3-3075A90500E4}.Debug|Any CPU.Build.0 = Debug|Any CPU
		{8527BD7B-DE6E-41A5-91E3-3075A90500E4}.Release|Any CPU.ActiveCfg = Release|Any CPU
		{8527BD7B-DE6E-41A5-91E3-3075A90500E4}.Release|Any CPU.Build.0 = Release|Any CPU
		{8735B32B-E4FA-4480-B21D-B4BFEA1B0B97}.Debug|Any CPU.ActiveCfg = Debug|Any CPU
		{8735B32B-E4FA-4480-B21D-B4BFEA1B0B97}.Debug|Any CPU.Build.0 = Debug|Any CPU
		{8735B32B-E4FA-4480-B21D-B4BFEA1B0B97}.Release|Any CPU.ActiveCfg = Release|Any CPU
		{8735B32B-E4FA-4480-B21D-B4BFEA1B0B97}.Release|Any CPU.Build.0 = Release|Any CPU
		{B0FCCD3C-723D-4FCF-8F16-D684A7D24A3C}.Debug|Any CPU.ActiveCfg = Debug|Any CPU
		{B0FCCD3C-723D-4FCF-8F16-D684A7D24A3C}.Debug|Any CPU.Build.0 = Debug|Any CPU
		{B0FCCD3C-723D-4FCF-8F16-D684A7D24A3C}.Release|Any CPU.ActiveCfg = Release|Any CPU
		{B0FCCD3C-723D-4FCF-8F16-D684A7D24A3C}.Release|Any CPU.Build.0 = Release|Any CPU
	EndGlobalSection
EndGlobal
